
Microsoft Visual Studio Solution File, Format Version 12.00
# Visual Studio Version 17
VisualStudioVersion = 17.9.34728.123
MinimumVisualStudioVersion = 10.0.40219.1
Project("{9A19103F-16F7-4668-BE54-9A1E7A4F7556}") = "Viper.Desktop", "Viper\Viper.Desktop.csproj", "{16E51188-108F-4FF6-9550-769E7E74C1F6}"
EndProject
Project("{9A19103F-16F7-4668-BE54-9A1E7A4F7556}") = "Viper.Tests", "Viper.Tests\Viper.Tests.csproj", "{6E2A1EFA-9AD5-4939-994E-3C39A750AAE5}"
EndProject
Global
	GlobalSection(SolutionConfigurationPlatforms) = preSolution
		Debug|Any CPU = Debug|Any CPU
		Release|Any CPU = Release|Any CPU
	EndGlobalSection
	GlobalSection(ProjectConfigurationPlatforms) = postSolution
		{16E51188-108F-4FF6-9550-769E7E74C1F6}.Debug|Any CPU.ActiveCfg = Debug|Any CPU
		{16E51188-108F-4FF6-9550-769E7E74C1F6}.Debug|Any CPU.Build.0 = Debug|Any CPU
		{16E51188-108F-4FF6-9550-769E7E74C1F6}.Release|Any CPU.ActiveCfg = Release|Any CPU
		{16E51188-108F-4FF6-9550-769E7E74C1F6}.Release|Any CPU.Build.0 = Release|Any CPU
		{6E2A1EFA-9AD5-4939-994E-3C39A750AAE5}.Debug|Any CPU.ActiveCfg = Debug|Any CPU
		{6E2A1EFA-9AD5-4939-994E-3C39A750AAE5}.Debug|Any CPU.Build.0 = Debug|Any CPU
		{6E2A1EFA-9AD5-4939-994E-3C39A750AAE5}.Release|Any CPU.ActiveCfg = Release|Any CPU
		{6E2A1EFA-9AD5-4939-994E-3C39A750AAE5}.Release|Any CPU.Build.0 = Release|Any CPU
	EndGlobalSection
	GlobalSection(SolutionProperties) = preSolution
		HideSolutionNode = FALSE
	EndGlobalSection
	GlobalSection(ExtensibilityGlobals) = postSolution
		SolutionGuid = {34F0154A-CAD7-4101-85B7-17BCE6F2061E}
	EndGlobalSection
EndGlobal
